lockfileVersion: '9.0'

settings:
  autoInstallPeers: true
  excludeLinksFromLockfile: false

importers:

  .:
    dependencies:
      zod:
        specifier: ^4.4.3
        version: 4.4.3
      zod-validation-error:
        specifier: ^5.0.0
        version: 5.0.0(zod@4.4.3)
    devDependencies:
      prettier:
        specifier: ^3.9.6
        version: 3.9.6

packages:

  prettier@3.9.6:
    resolution: {integrity: sha512-OpN0zzVdiaiAhxpuuj5efpIS4sY9j7bY6uR5mnj5yPzGkdkjNKSJeUThPb60Jw29QuAZgA4o+/iB49kFiaBX6g==}
    engines: {node: '>=14'}
    hasBin: true

  zod-validation-error@5.0.0:
    resolution: {integrity: sha512-hmk+pkyKq7Q71PiWVSDUc3VfpzpvcRHZ3QPw9yEMVvmtCekaMeOHnbr3WbxfrgEnQTv6haGP4cmv0Ojmihzsxw==}
    engines: {node: '>=18.0.0'}
    peerDependencies:
      zod: ^3.25.0 || ^4.0.0

  zod@4.4.3:
    resolution: {integrity: sha512-ytENFjIJFl2UwYglde2jchW2Hwm4GJFLDiSXWdTrJQBIN9Fcyp7n4DhxJEiWNAJMV1/BqWfW/kkg71UDcHJyTQ==}

snapshots:

  prettier@3.9.6: {}

  zod-validation-error@5.0.0(zod@4.4.3):
    dependencies:
      zod: 4.4.3

  zod@4.4.3: {}
